
Microsoft Visual Studio Solution File, Format Version 12.00
# Visual Studio Version 17
VisualStudioVersion = 17.13.35806.99 d17.13
MinimumVisualStudioVersion = 10.0.40219.1
Project("{FAE04EC0-301F-11D3-BF4B-00C04F79EFBC}") = "unathiledwabau24652777mystudygroup", "unathiledwabau24652777mystudygroup.csproj", "{302B226E-4FA9-4864-98D9-D667324570CC}"
EndProject
Global
	GlobalSection(SolutionConfigurationPlatforms) = preSolution
		Debug|Any CPU = Debug|Any CPU
		Release|Any CPU = Release|Any CPU
	EndGlobalSection
	GlobalSection(ProjectConfigurationPlatforms) = postSolution
		{302B226E-4FA9-4864-98D9-D667324570CC}.Debug|Any CPU.ActiveCfg = Debug|Any CPU
		{302B226E-4FA9-4864-98D9-D667324570CC}.Debug|Any CPU.Build.0 = Debug|Any CPU
		{302B226E-4FA9-4864-98D9-D667324570CC}.Release|Any CPU.ActiveCfg = Release|Any CPU
		{302B226E-4FA9-4864-98D9-D667324570CC}.Release|Any CPU.Build.0 = Release|Any CPU
	EndGlobalSection
	GlobalSection(SolutionProperties) = preSolution
		HideSolutionNode = FALSE
	EndGlobalSection
	GlobalSection(ExtensibilityGlobals) = postSolution
		SolutionGuid = {2FEA3012-AFA8-4248-A5D8-026654CA5F85}
	EndGlobalSection
EndGlobal
